
Microsoft Visual Studio Solution File, Format Version 12.00
# Visual Studio Version 16
VisualStudioVersion = 16.0.29324.140
MinimumVisualStudioVersion = 10.0.40219.1
Project("{2150E333-8FDC-42A3-9474-1A3956D46DE8}") = "Solution Items", "Solution Items", "{837DBFAA-0953-4372-A80E-B467DF789202}"
	ProjectSection(SolutionItems) = preProject
		.gitignore = .gitignore
		CHANGELOG.md = CHANGELOG.md
		Directory.Build.props = Directory.Build.props
		LICENSE.md = LICENSE.md
		README.md = README.md
	EndProjectSection
EndProject
Project("{2150E333-8FDC-42A3-9474-1A3956D46DE8}") = "src", "src", "{1D7E648F-A3B2-4443-A06D-E5C96D015E43}"
	ProjectSection(SolutionItems) = preProject
		src\Directory.Build.props = src\Directory.Build.props
		src\Directory.Build.targets = src\Directory.Build.targets
		src\FxCop.ruleset = src\FxCop.ruleset
	EndProjectSection
EndProject
Project("{9A19103F-16F7-4668-BE54-9A1E7A4F7556}") = "GSS.Authentication.CAS.Core", "src\GSS.Authentication.CAS.Core\GSS.Authentication.CAS.Core.csproj", "{815A6FCE-B2E2-4D56-98D5-DB73731772D8}"
EndProject
Project("{9A19103F-16F7-4668-BE54-9A1E7A4F7556}") = "GSS.Authentication.CAS.AspNetCore", "src\GSS.Authentication.CAS.AspNetCore\GSS.Authentication.CAS.AspNetCore.csproj", "{6D38722F-F183-42B3-AD72-31C2C1E35F32}"
EndProject
Project("{9A19103F-16F7-4668-BE54-9A1E7A4F7556}") = "GSS.Authentication.CAS.Owin", "src\GSS.Authentication.CAS.Owin\GSS.Authentication.CAS.Owin.csproj", "{9A29D6A6-2B15-411F-BCB2-973991D0853B}"
EndProject
Project("{9A19103F-16F7-4668-BE54-9A1E7A4F7556}") = "GSS.Authentication.CAS.DistributedCache", "src\GSS.Authentication.CAS.DistributedCache\GSS.Authentication.CAS.DistributedCache.csproj", "{C6FD4F00-2D78-47FE-BDC6-BE90DC1B3584}"
EndProject
Project("{2150E333-8FDC-42A3-9474-1A3956D46DE8}") = "test", "test", "{92CCEC97-9E16-444E-BD4B-4791AFEB1FFE}"
	ProjectSection(SolutionItems) = preProject
		test\Directory.Build.props = test\Directory.Build.props
		test\Directory.Build.targets = test\Directory.Build.targets
	EndProjectSection
EndProject
Project("{9A19103F-16F7-4668-BE54-9A1E7A4F7556}") = "GSS.Authentication.CAS.Testing", "test\GSS.Authentication.CAS.Testing\GSS.Authentication.CAS.Testing.csproj", "{E8E2CD5A-E21B-4410-8A16-DF7C0F428EF4}"
EndProject
Project("{9A19103F-16F7-4668-BE54-9A1E7A4F7556}") = "GSS.Authentication.CAS.Core.Tests", "test\GSS.Authentication.CAS.Core.Tests\GSS.Authentication.CAS.Core.Tests.csproj", "{161F8D5C-BAB6-4769-A859-1B565B46BD7A}"
EndProject
Project("{9A19103F-16F7-4668-BE54-9A1E7A4F7556}") = "GSS.Authentication.CAS.Owin.Tests", "test\GSS.Authentication.CAS.Owin.Tests\GSS.Authentication.CAS.Owin.Tests.csproj", "{A489BE29-7066-4B8C-A3AE-4016EE9600CD}"
EndProject
Project("{9A19103F-16F7-4668-BE54-9A1E7A4F7556}") = "GSS.Authentication.CAS.AspNetCore.Tests", "test\GSS.Authentication.CAS.AspNetCore.Tests\GSS.Authentication.CAS.AspNetCore.Tests.csproj", "{FD31BBED-1977-4872-BD93-49F70182F7E9}"
EndProject
Global
	GlobalSection(SolutionConfigurationPlatforms) = preSolution
		Debug|Any CPU = Debug|Any CPU
		Release|Any CPU = Release|Any CPU
	EndGlobalSection
	GlobalSection(ProjectConfigurationPlatforms) = postSolution
		{815A6FCE-B2E2-4D56-98D5-DB73731772D8}.Debug|Any CPU.ActiveCfg = Debug|Any CPU
		{815A6FCE-B2E2-4D56-98D5-DB73731772D8}.Debug|Any CPU.Build.0 = Debug|Any CPU
		{815A6FCE-B2E2-4D56-98D5-DB73731772D8}.Release|Any CPU.ActiveCfg = Release|Any CPU
		{815A6FCE-B2E2-4D56-98D5-DB73731772D8}.Release|Any CPU.Build.0 = Release|Any CPU
		{6D38722F-F183-42B3-AD72-31C2C1E35F32}.Debug|Any CPU.ActiveCfg = Debug|Any CPU
		{6D38722F-F183-42B3-AD72-31C2C1E35F32}.Debug|Any CPU.Build.0 = Debug|Any CPU
		{6D38722F-F183-42B3-AD72-31C2C1E35F32}.Release|Any CPU.ActiveCfg = Release|Any CPU
		{6D38722F-F183-42B3-AD72-31C2C1E35F32}.Release|Any CPU.Build.0 = Release|Any CPU
		{9A29D6A6-2B15-411F-BCB2-973991D0853B}.Debug|Any CPU.ActiveCfg = Debug|Any CPU
		{9A29D6A6-2B15-411F-BCB2-973991D0853B}.Debug|Any CPU.Build.0 = Debug|Any CPU
		{9A29D6A6-2B15-411F-BCB2-973991D0853B}.Release|Any CPU.ActiveCfg = Release|Any CPU
		{9A29D6A6-2B15-411F-BCB2-973991D0853B}.Release|Any CPU.Build.0 = Release|Any CPU
		{C6FD4F00-2D78-47FE-BDC6-BE90DC1B3584}.Debug|Any CPU.ActiveCfg = Debug|Any CPU
		{C6FD4F00-2D78-47FE-BDC6-BE90DC1B3584}.Debug|Any CPU.Build.0 = Debug|Any CPU
		{C6FD4F00-2D78-47FE-BDC6-BE90DC1B3584}.Release|Any CPU.ActiveCfg = Release|Any CPU
		{C6FD4F00-2D78-47FE-BDC6-BE90DC1B3584}.Release|Any CPU.Build.0 = Release|Any CPU
		{E8E2CD5A-E21B-4410-8A16-DF7C0F428EF4}.Debug|Any CPU.ActiveCfg = Debug|Any CPU
		{E8E2CD5A-E21B-4410-8A16-DF7C0F428EF4}.Debug|Any CPU.Build.0 = Debug|Any CPU
		{E8E2CD5A-E21B-4410-8A16-DF7C0F428EF4}.Release|Any CPU.ActiveCfg = Release|Any CPU
		{E8E2CD5A-E21B-4410-8A16-DF7C0F428EF4}.Release|Any CPU.Build.0 = Release|Any CPU
		{161F8D5C-BAB6-4769-A859-1B565B46BD7A}.Debug|Any CPU.ActiveCfg = Debug|Any CPU
		{161F8D5C-BAB6-4769-A859-1B565B46BD7A}.Debug|Any CPU.Build.0 = Debug|Any CPU
		{161F8D5C-BAB6-4769-A859-1B565B46BD7A}.Release|Any CPU.ActiveCfg = Release|Any CPU
		{161F8D5C-BAB6-4769-A859-1B565B46BD7A}.Release|Any CPU.Build.0 = Release|Any CPU
		{A489BE29-7066-4B8C-A3AE-4016EE9600CD}.Debug|Any CPU.ActiveCfg = Debug|Any CPU
		{A489BE29-7066-4B8C-A3AE-4016EE9600CD}.Debug|Any CPU.Build.0 = Debug|Any CPU
		{A489BE29-7066-4B8C-A3AE-4016EE9600CD}.Release|Any CPU.ActiveCfg = Release|Any CPU
		{A489BE29-7066-4B8C-A3AE-4016EE9600CD}.Release|Any CPU.Build.0 = Release|Any CPU
		{FD31BBED-1977-4872-BD93-49F70182F7E9}.Debug|Any CPU.ActiveCfg = Debug|Any CPU
		{FD31BBED-1977-4872-BD93-49F70182F7E9}.Debug|Any CPU.Build.0 = Debug|Any CPU
		{FD31BBED-1977-4872-BD93-49F70182F7E9}.Release|Any CPU.ActiveCfg = Release|Any CPU
		{FD31BBED-1977-4872-BD93-49F70182F7E9}.Release|Any CPU.Build.0 = Release|Any CPU
	EndGlobalSection
	GlobalSection(SolutionProperties) = preSolution
		HideSolutionNode = FALSE
	EndGlobalSection
	GlobalSection(NestedProjects) = preSolution
		{815A6FCE-B2E2-4D56-98D5-DB73731772D8} = {1D7E648F-A3B2-4443-A06D-E5C96D015E43}
		{6D38722F-F183-42B3-AD72-31C2C1E35F32} = {1D7E648F-A3B2-4443-A06D-E5C96D015E43}
		{9A29D6A6-2B15-411F-BCB2-973991D0853B} = {1D7E648F-A3B2-4443-A06D-E5C96D015E43}
		{C6FD4F00-2D78-47FE-BDC6-BE90DC1B3584} = {1D7E648F-A3B2-4443-A06D-E5C96D015E43}
		{E8E2CD5A-E21B-4410-8A16-DF7C0F428EF4} = {92CCEC97-9E16-444E-BD4B-4791AFEB1FFE}
		{161F8D5C-BAB6-4769-A859-1B565B46BD7A} = {92CCEC97-9E16-444E-BD4B-4791AFEB1FFE}
		{A489BE29-7066-4B8C-A3AE-4016EE9600CD} = {92CCEC97-9E16-444E-BD4B-4791AFEB1FFE}
		{FD31BBED-1977-4872-BD93-49F70182F7E9} = {92CCEC97-9E16-444E-BD4B-4791AFEB1FFE}
	EndGlobalSection
	GlobalSection(ExtensibilityGlobals) = postSolution
		SolutionGuid = {C211A196-2432-4E8E-88F4-EBF50079001C}
	EndGlobalSection
EndGlobal
