
Microsoft Visual Studio Solution File, Format Version 12.00
# Visual Studio Version 16
VisualStudioVersion = 16.0.29418.71
MinimumVisualStudioVersion = 10.0.40219.1
Project("{9A19103F-16F7-4668-BE54-9A1E7A4F7556}") = "AspNetCoreIdentitySample", "AspNetCoreIdentitySample\AspNetCoreIdentitySample.csproj", "{83B8D533-F130-45F9-B8EF-6785274648F0}"
EndProject
Project("{9A19103F-16F7-4668-BE54-9A1E7A4F7556}") = "AspNetCoreSample", "AspNetCoreSample\AspNetCoreSample.csproj", "{7BE837C9-5265-45E7-9BE8-5F92A461E88C}"
EndProject
Project("{9A19103F-16F7-4668-BE54-9A1E7A4F7556}") = "AspNetCoreSingleSignOutSample", "AspNetCoreSingleSignOutSample\AspNetCoreSingleSignOutSample.csproj", "{48D7BC51-7FC2-41F0-88D6-E785B39A0751}"
EndProject
Project("{FAE04EC0-301F-11D3-BF4B-00C04F79EFBC}") = "AspNetMvcSample", "AspNetMvcSample\AspNetMvcSample.csproj", "{071B0F67-D4EB-40F1-B2EF-AD7A05C507B1}"
EndProject
Project("{FAE04EC0-301F-11D3-BF4B-00C04F79EFBC}") = "OwinSample", "OwinSample\OwinSample.csproj", "{BB89E35B-F73F-426F-8E66-456D6A49FDF3}"
EndProject
Project("{FAE04EC0-301F-11D3-BF4B-00C04F79EFBC}") = "OwinSingleSignOutSample", "OwinSingleSignOutSample\OwinSingleSignOutSample.csproj", "{01390DEE-2AB7-478B-8F51-32DE70BF3125}"
EndProject
Project("{9A19103F-16F7-4668-BE54-9A1E7A4F7556}") = "GSS.Authentication.CAS.Core", "..\src\GSS.Authentication.CAS.Core\GSS.Authentication.CAS.Core.csproj", "{7D78728A-B592-41E6-83BF-7A83D6E868AD}"
EndProject
Project("{2150E333-8FDC-42A3-9474-1A3956D46DE8}") = "src", "src", "{A2777DF5-C951-4A2A-A4ED-847F838FC502}"
EndProject
Project("{9A19103F-16F7-4668-BE54-9A1E7A4F7556}") = "GSS.Authentication.CAS.AspNetCore", "..\src\GSS.Authentication.CAS.AspNetCore\GSS.Authentication.CAS.AspNetCore.csproj", "{B21CD6CC-D9EA-4BFE-BACB-DF63B47D9F17}"
EndProject
Project("{9A19103F-16F7-4668-BE54-9A1E7A4F7556}") = "GSS.Authentication.CAS.DistributedCache", "..\src\GSS.Authentication.CAS.DistributedCache\GSS.Authentication.CAS.DistributedCache.csproj", "{5E8F18A4-2648-4A87-B55D-092369B2F305}"
EndProject
Project("{9A19103F-16F7-4668-BE54-9A1E7A4F7556}") = "GSS.Authentication.CAS.Owin", "..\src\GSS.Authentication.CAS.Owin\GSS.Authentication.CAS.Owin.csproj", "{9CD61773-631D-4BA7-A723-2BC1FFF31C66}"
EndProject
Project("{2150E333-8FDC-42A3-9474-1A3956D46DE8}") = "samples", "samples", "{8833A39F-95F8-4604-9682-E31ACDD588FA}"
EndProject
Global
	GlobalSection(SolutionConfigurationPlatforms) = preSolution
		Debug|Any CPU = Debug|Any CPU
		Release|Any CPU = Release|Any CPU
	EndGlobalSection
	GlobalSection(ProjectConfigurationPlatforms) = postSolution
		{83B8D533-F130-45F9-B8EF-6785274648F0}.Debug|Any CPU.ActiveCfg = Debug|Any CPU
		{83B8D533-F130-45F9-B8EF-6785274648F0}.Debug|Any CPU.Build.0 = Debug|Any CPU
		{83B8D533-F130-45F9-B8EF-6785274648F0}.Release|Any CPU.ActiveCfg = Release|Any CPU
		{83B8D533-F130-45F9-B8EF-6785274648F0}.Release|Any CPU.Build.0 = Release|Any CPU
		{7BE837C9-5265-45E7-9BE8-5F92A461E88C}.Debug|Any CPU.ActiveCfg = Debug|Any CPU
		{7BE837C9-5265-45E7-9BE8-5F92A461E88C}.Debug|Any CPU.Build.0 = Debug|Any CPU
		{7BE837C9-5265-45E7-9BE8-5F92A461E88C}.Release|Any CPU.ActiveCfg = Release|Any CPU
		{7BE837C9-5265-45E7-9BE8-5F92A461E88C}.Release|Any CPU.Build.0 = Release|Any CPU
		{48D7BC51-7FC2-41F0-88D6-E785B39A0751}.Debug|Any CPU.ActiveCfg = Debug|Any CPU
		{48D7BC51-7FC2-41F0-88D6-E785B39A0751}.Debug|Any CPU.Build.0 = Debug|Any CPU
		{48D7BC51-7FC2-41F0-88D6-E785B39A0751}.Release|Any CPU.ActiveCfg = Release|Any CPU
		{48D7BC51-7FC2-41F0-88D6-E785B39A0751}.Release|Any CPU.Build.0 = Release|Any CPU
		{071B0F67-D4EB-40F1-B2EF-AD7A05C507B1}.Debug|Any CPU.ActiveCfg = Debug|Any CPU
		{071B0F67-D4EB-40F1-B2EF-AD7A05C507B1}.Debug|Any CPU.Build.0 = Debug|Any CPU
		{071B0F67-D4EB-40F1-B2EF-AD7A05C507B1}.Release|Any CPU.ActiveCfg = Release|Any CPU
		{071B0F67-D4EB-40F1-B2EF-AD7A05C507B1}.Release|Any CPU.Build.0 = Release|Any CPU
		{BB89E35B-F73F-426F-8E66-456D6A49FDF3}.Debug|Any CPU.ActiveCfg = Debug|Any CPU
		{BB89E35B-F73F-426F-8E66-456D6A49FDF3}.Debug|Any CPU.Build.0 = Debug|Any CPU
		{BB89E35B-F73F-426F-8E66-456D6A49FDF3}.Release|Any CPU.ActiveCfg = Release|Any CPU
		{BB89E35B-F73F-426F-8E66-456D6A49FDF3}.Release|Any CPU.Build.0 = Release|Any CPU
		{01390DEE-2AB7-478B-8F51-32DE70BF3125}.Debug|Any CPU.ActiveCfg = Debug|Any CPU
		{01390DEE-2AB7-478B-8F51-32DE70BF3125}.Debug|Any CPU.Build.0 = Debug|Any CPU
		{01390DEE-2AB7-478B-8F51-32DE70BF3125}.Release|Any CPU.ActiveCfg = Release|Any CPU
		{01390DEE-2AB7-478B-8F51-32DE70BF3125}.Release|Any CPU.Build.0 = Release|Any CPU
		{7D78728A-B592-41E6-83BF-7A83D6E868AD}.Debug|Any CPU.ActiveCfg = Debug|Any CPU
		{7D78728A-B592-41E6-83BF-7A83D6E868AD}.Debug|Any CPU.Build.0 = Debug|Any CPU
		{7D78728A-B592-41E6-83BF-7A83D6E868AD}.Release|Any CPU.ActiveCfg = Release|Any CPU
		{7D78728A-B592-41E6-83BF-7A83D6E868AD}.Release|Any CPU.Build.0 = Release|Any CPU
		{B21CD6CC-D9EA-4BFE-BACB-DF63B47D9F17}.Debug|Any CPU.ActiveCfg = Debug|Any CPU
		{B21CD6CC-D9EA-4BFE-BACB-DF63B47D9F17}.Debug|Any CPU.Build.0 = Debug|Any CPU
		{B21CD6CC-D9EA-4BFE-BACB-DF63B47D9F17}.Release|Any CPU.ActiveCfg = Release|Any CPU
		{B21CD6CC-D9EA-4BFE-BACB-DF63B47D9F17}.Release|Any CPU.Build.0 = Release|Any CPU
		{5E8F18A4-2648-4A87-B55D-092369B2F305}.Debug|Any CPU.ActiveCfg = Debug|Any CPU
		{5E8F18A4-2648-4A87-B55D-092369B2F305}.Debug|Any CPU.Build.0 = Debug|Any CPU
		{5E8F18A4-2648-4A87-B55D-092369B2F305}.Release|Any CPU.ActiveCfg = Release|Any CPU
		{5E8F18A4-2648-4A87-B55D-092369B2F305}.Release|Any CPU.Build.0 = Release|Any CPU
		{9CD61773-631D-4BA7-A723-2BC1FFF31C66}.Debug|Any CPU.ActiveCfg = Debug|Any CPU
		{9CD61773-631D-4BA7-A723-2BC1FFF31C66}.Debug|Any CPU.Build.0 = Debug|Any CPU
		{9CD61773-631D-4BA7-A723-2BC1FFF31C66}.Release|Any CPU.ActiveCfg = Release|Any CPU
		{9CD61773-631D-4BA7-A723-2BC1FFF31C66}.Release|Any CPU.Build.0 = Release|Any CPU
	EndGlobalSection
	GlobalSection(SolutionProperties) = preSolution
		HideSolutionNode = FALSE
	EndGlobalSection
	GlobalSection(NestedProjects) = preSolution
		{83B8D533-F130-45F9-B8EF-6785274648F0} = {8833A39F-95F8-4604-9682-E31ACDD588FA}
		{7BE837C9-5265-45E7-9BE8-5F92A461E88C} = {8833A39F-95F8-4604-9682-E31ACDD588FA}
		{48D7BC51-7FC2-41F0-88D6-E785B39A0751} = {8833A39F-95F8-4604-9682-E31ACDD588FA}
		{071B0F67-D4EB-40F1-B2EF-AD7A05C507B1} = {8833A39F-95F8-4604-9682-E31ACDD588FA}
		{BB89E35B-F73F-426F-8E66-456D6A49FDF3} = {8833A39F-95F8-4604-9682-E31ACDD588FA}
		{01390DEE-2AB7-478B-8F51-32DE70BF3125} = {8833A39F-95F8-4604-9682-E31ACDD588FA}
		{7D78728A-B592-41E6-83BF-7A83D6E868AD} = {A2777DF5-C951-4A2A-A4ED-847F838FC502}
		{B21CD6CC-D9EA-4BFE-BACB-DF63B47D9F17} = {A2777DF5-C951-4A2A-A4ED-847F838FC502}
		{5E8F18A4-2648-4A87-B55D-092369B2F305} = {A2777DF5-C951-4A2A-A4ED-847F838FC502}
		{9CD61773-631D-4BA7-A723-2BC1FFF31C66} = {A2777DF5-C951-4A2A-A4ED-847F838FC502}
	EndGlobalSection
	GlobalSection(ExtensibilityGlobals) = postSolution
		SolutionGuid = {936B5AD3-FC59-40A8-815E-01F1B6FFA672}
	EndGlobalSection
EndGlobal
