Microsoft Visual Studio Solution File, Format Version 12.00
# Visual Studio 15
VisualStudioVersion = 15.0.27130.2010
MinimumVisualStudioVersion = 10.0.40219.1
Project("{9A19103F-16F7-4668-BE54-9A1E7A4F7556}") = "GSS.Authentication.AspNetCore.Sample", "GSS.Authentication.AspNetCore.Sample\GSS.Authentication.AspNetCore.Sample.csproj", "{FC9D5ADE-5F07-4E4E-B542-4D3173D9D420}"
EndProject
Project("{9A19103F-16F7-4668-BE54-9A1E7A4F7556}") = "GSS.Authentication.AspNetCore.SingleSignOut.Sample", "GSS.Authentication.AspNetCore.SingleSignOut.Sample\GSS.Authentication.AspNetCore.SingleSignOut.Sample.csproj", "{C6979365-1BCD-4075-97EA-6524E2AF78C0}"
EndProject
Project("{FAE04EC0-301F-11D3-BF4B-00C04F79EFBC}") = "GSS.Authentication.AspNetMvc.Sample", "GSS.Authentication.AspNetMvc.Sample\GSS.Authentication.AspNetMvc.Sample.csproj", "{071B0F67-D4EB-40F1-B2EF-AD7A05C507B1}"
EndProject
Project("{FAE04EC0-301F-11D3-BF4B-00C04F79EFBC}") = "GSS.Authentication.Owin.Sample", "GSS.Authentication.Owin.Sample\GSS.Authentication.Owin.Sample.csproj", "{BB89E35B-F73F-426F-8E66-456D6A49FDF3}"
EndProject
Project("{FAE04EC0-301F-11D3-BF4B-00C04F79EFBC}") = "GSS.Authentication.Owin.SingleSignOut.Sample", "GSS.Authentication.Owin.SingleSignOut.Sample\GSS.Authentication.Owin.SingleSignOut.Sample.csproj", "{01390DEE-2AB7-478B-8F51-32DE70BF3125}"
EndProject
Global
	GlobalSection(SolutionConfigurationPlatforms) = preSolution
		Debug|Any CPU = Debug|Any CPU
		Release|Any CPU = Release|Any CPU
	EndGlobalSection
	GlobalSection(ProjectConfigurationPlatforms) = postSolution
		{FC9D5ADE-5F07-4E4E-B542-4D3173D9D420}.Debug|Any CPU.ActiveCfg = Debug|Any CPU
		{FC9D5ADE-5F07-4E4E-B542-4D3173D9D420}.Debug|Any CPU.Build.0 = Debug|Any CPU
		{FC9D5ADE-5F07-4E4E-B542-4D3173D9D420}.Release|Any CPU.ActiveCfg = Release|Any CPU
		{FC9D5ADE-5F07-4E4E-B542-4D3173D9D420}.Release|Any CPU.Build.0 = Release|Any CPU
		{C6979365-1BCD-4075-97EA-6524E2AF78C0}.Debug|Any CPU.ActiveCfg = Debug|Any CPU
		{C6979365-1BCD-4075-97EA-6524E2AF78C0}.Debug|Any CPU.Build.0 = Debug|Any CPU
		{C6979365-1BCD-4075-97EA-6524E2AF78C0}.Release|Any CPU.ActiveCfg = Release|Any CPU
		{C6979365-1BCD-4075-97EA-6524E2AF78C0}.Release|Any CPU.Build.0 = Release|Any CPU
		{071B0F67-D4EB-40F1-B2EF-AD7A05C507B1}.Debug|Any CPU.ActiveCfg = Debug|Any CPU
		{071B0F67-D4EB-40F1-B2EF-AD7A05C507B1}.Debug|Any CPU.Build.0 = Debug|Any CPU
		{071B0F67-D4EB-40F1-B2EF-AD7A05C507B1}.Release|Any CPU.ActiveCfg = Release|Any CPU
		{071B0F67-D4EB-40F1-B2EF-AD7A05C507B1}.Release|Any CPU.Build.0 = Release|Any CPU
		{BB89E35B-F73F-426F-8E66-456D6A49FDF3}.Debug|Any CPU.ActiveCfg = Debug|Any CPU
		{BB89E35B-F73F-426F-8E66-456D6A49FDF3}.Debug|Any CPU.Build.0 = Debug|Any CPU
		{BB89E35B-F73F-426F-8E66-456D6A49FDF3}.Release|Any CPU.ActiveCfg = Release|Any CPU
		{BB89E35B-F73F-426F-8E66-456D6A49FDF3}.Release|Any CPU.Build.0 = Release|Any CPU
		{01390DEE-2AB7-478B-8F51-32DE70BF3125}.Debug|Any CPU.ActiveCfg = Debug|Any CPU
		{01390DEE-2AB7-478B-8F51-32DE70BF3125}.Debug|Any CPU.Build.0 = Debug|Any CPU
		{01390DEE-2AB7-478B-8F51-32DE70BF3125}.Release|Any CPU.ActiveCfg = Release|Any CPU
		{01390DEE-2AB7-478B-8F51-32DE70BF3125}.Release|Any CPU.Build.0 = Release|Any CPU
	EndGlobalSection
	GlobalSection(SolutionProperties) = preSolution
		HideSolutionNode = FALSE
	EndGlobalSection
	GlobalSection(ExtensibilityGlobals) = postSolution
		SolutionGuid = {C211A196-2432-4E8E-88F4-EBF50079001C}
	EndGlobalSection
EndGlobal
